// !$*UTF8*$!
{
	archiveVersion = 1;
	classes = {
	};
	objectVersion = 50;
	objects = {

/* Begin PBXBuildFile section */
		CE55FC1920DF5CC60039D0DC /* AppDelegate.swift in Sources */ = {isa = PBXBuildFile; fileRef = CE55FC1820DF5CC60039D0DC /* AppDelegate.swift */; };
		CE55FC1B20DF5CC60039D0DC /* ViewController.swift in Sources */ = {isa = PBXBuildFile; fileRef = CE55FC1A20DF5CC60039D0DC /* ViewController.swift */; };
		CE55FC1E20DF5CC60039D0DC /* Main.storyboard in Resources */ = {isa = PBXBuildFile; fileRef = CE55FC1C20DF5CC60039D0DC /* Main.storyboard */; };
		CE55FC2020DF5CC70039D0DC /* Assets.xcassets in Resources */ = {isa = PBXBuildFile; fileRef = CE55FC1F20DF5CC70039D0DC /* Assets.xcassets */; };
		CE55FC2320DF5CC70039D0DC /* LaunchScreen.storyboard in Resources */ = {isa = PBXBuildFile; fileRef = CE55FC2120DF5CC70039D0DC /* LaunchScreen.storyboard */; };
		CE55FC2E20DF5CC70039D0DC /* superdevTests.swift in Sources */ = {isa = PBXBuildFile; fileRef = CE55FC2D20DF5CC70039D0DC /* superdevTests.swift */; };
		CE55FC3920DF5CC70039D0DC /* superdevUITests.swift in Sources */ = {isa = PBXBuildFile; fileRef = CE55FC3820DF5CC70039D0DC /* superdevUITests.swift */; };
		CE55FC4720DF61550039D0DC /* mainViewController.swift in Sources */ = {isa = PBXBuildFile; fileRef = CE55FC4620DF61550039D0DC /* mainViewController.swift */; };
/* End PBXBuildFile section */

/* Begin PBXContainerItemProxy section */
		CE55FC2A20DF5CC70039D0DC /* PBXContainerItemProxy */ = {
			isa = PBXContainerItemProxy;
			containerPortal = CE55FC0D20DF5CC60039D0DC /* Project object */;
			proxyType = 1;
			remoteGlobalIDString = CE55FC1420DF5CC60039D0DC;
			remoteInfo = superdev;
		};
		CE55FC3520DF5CC70039D0DC /* PBXContainerItemProxy */ = {
			isa = PBXContainerItemProxy;
			containerPortal = CE55FC0D20DF5CC60039D0DC /* Project object */;
			proxyType = 1;
			remoteGlobalIDString = CE55FC1420DF5CC60039D0DC;
			remoteInfo = superdev;
		};
/* End PBXContainerItemProxy section */

/* Begin PBXFileReference section */
		CE55FC1520DF5CC60039D0DC /* superdev.app */ = {isa = PBXFileReference; explicitFileType = wrapper.application; includeInIndex = 0; path = superdev.app; sourceTree = BUILT_PRODUCTS_DIR; };
		CE55FC1820DF5CC60039D0DC /* AppDelegate.swift */ = {isa = PBXFileReference; lastKnownFileType = sourcecode.swift; path = AppDelegate.swift; sourceTree = "<group>"; };
		CE55FC1A20DF5CC60039D0DC /* ViewController.swift */ = {isa = PBXFileReference; lastKnownFileType = sourcecode.swift; path = ViewController.swift; sourceTree = "<group>"; };
		CE55FC1D20DF5CC60039D0DC /* Base */ = {isa = PBXFileReference; lastKnownFileType = file.storyboard; name = Base; path = Base.lproj/Main.storyboard; sourceTree = "<group>"; };
		CE55FC1F20DF5CC70039D0DC /* Assets.xcassets */ = {isa = PBXFileReference; lastKnownFileType = folder.assetcatalog; path = Assets.xcassets; sourceTree = "<group>"; };
		CE55FC2220DF5CC70039D0DC /* Base */ = {isa = PBXFileReference; lastKnownFileType = file.storyboard; name = Base; path = Base.lproj/LaunchScreen.storyboard; sourceTree = "<group>"; };
		CE55FC2420DF5CC70039D0DC /* Info.plist */ = {isa = PBXFileReference; lastKnownFileType = text.plist.xml; path = Info.plist; sourceTree = "<group>"; };
		CE55FC2920DF5CC70039D0DC /* superdevTests.xctest */ = {isa = PBXFileReference; explicitFileType = wrapper.cfbundle; includeInIndex = 0; path = superdevTests.xctest; sourceTree = BUILT_PRODUCTS_DIR; };
		CE55FC2D20DF5CC70039D0DC /* superdevTests.swift */ = {isa = PBXFileReference; lastKnownFileType = sourcecode.swift; path = superdevTests.swift; sourceTree = "<group>"; };
		CE55FC2F20DF5CC70039D0DC /* Info.plist */ = {isa = PBXFileReference; lastKnownFileType = text.plist.xml; path = Info.plist; sourceTree = "<group>"; };
		CE55FC3420DF5CC70039D0DC /* superdevUITests.xctest */ = {isa = PBXFileReference; explicitFileType = wrapper.cfbundle; includeInIndex = 0; path = superdevUITests.xctest; sourceTree = BUILT_PRODUCTS_DIR; };
		CE55FC3820DF5CC70039D0DC /* superdevUITests.swift */ = {isa = PBXFileReference; lastKnownFileType = sourcecode.swift; path = superdevUITests.swift; sourceTree = "<group>"; };
		CE55FC3A20DF5CC70039D0DC /* Info.plist */ = {isa = PBXFileReference; lastKnownFileType = text.plist.xml; path = Info.plist; sourceTree = "<group>"; };
		CE55FC4620DF61550039D0DC /* mainViewController.swift */ = {isa = PBXFileReference; lastKnownFileType = sourcecode.swift; path = mainViewController.swift; sourceTree = "<group>"; };
/* End PBXFileReference section */

/* Begin PBXFrameworksBuildPhase section */
		CE55FC1220DF5CC60039D0DC /* Frameworks */ = {
			isa = PBXFrameworksBuildPhase;
			buildActionMask = 2147483647;
			files = (
			);
			runOnlyForDeploymentPostprocessing = 0;
		};
		CE55FC2620DF5CC70039D0DC /* Frameworks */ = {
			isa = PBXFrameworksBuildPhase;
			buildActionMask = 2147483647;
			files = (
			);
			runOnlyForDeploymentPostprocessing = 0;
		};
		CE55FC3120DF5CC70039D0DC /* Frameworks */ = {
			isa = PBXFrameworksBuildPhase;
			buildActionMask = 2147483647;
			files = (
			);
			runOnlyForDeploymentPostprocessing = 0;
		};
/* End PBXFrameworksBuildPhase section */

/* Begin PBXGroup section */
		CE55FC0C20DF5CC60039D0DC = {
			isa = PBXGroup;
			children = (
				CE55FC1720DF5CC60039D0DC /* superdev */,
				CE55FC2C20DF5CC70039D0DC /* superdevTests */,
				CE55FC3720DF5CC70039D0DC /* superdevUITests */,
				CE55FC1620DF5CC60039D0DC /* Products */,
			);
			sourceTree = "<group>";
		};
		CE55FC1620DF5CC60039D0DC /* Products */ = {
			isa = PBXGroup;
			children = (
				CE55FC1520DF5CC60039D0DC /* superdev.app */,
				CE55FC2920DF5CC70039D0DC /* superdevTests.xctest */,
				CE55FC3420DF5CC70039D0DC /* superdevUITests.xctest */,
			);
			name = Products;
			sourceTree = "<group>";
		};
		CE55FC1720DF5CC60039D0DC /* superdev */ = {
			isa = PBXGroup;
			children = (
				CE55FC1820DF5CC60039D0DC /* AppDelegate.swift */,
				CE55FC1A20DF5CC60039D0DC /* ViewController.swift */,
				CE55FC1C20DF5CC60039D0DC /* Main.storyboard */,
				CE55FC1F20DF5CC70039D0DC /* Assets.xcassets */,
				CE55FC2120DF5CC70039D0DC /* LaunchScreen.storyboard */,
				CE55FC2420DF5CC70039D0DC /* Info.plist */,
				CE55FC4620DF61550039D0DC /* mainViewController.swift */,
			);
			path = superdev;
			sourceTree = "<group>";
		};
		CE55FC2C20DF5CC70039D0DC /* superdevTests */ = {
			isa = PBXGroup;
			children = (
				CE55FC2D20DF5CC70039D0DC /* superdevTests.swift */,
				CE55FC2F20DF5CC70039D0DC /* Info.plist */,
			);
			path = superdevTests;
			sourceTree = "<group>";
		};
		CE55FC3720DF5CC70039D0DC /* superdevUITests */ = {
			isa = PBXGroup;
			children = (
				CE55FC3820DF5CC70039D0DC /* superdevUITests.swift */,
				CE55FC3A20DF5CC70039D0DC /* Info.plist */,
			);
			path = superdevUITests;
			sourceTree = "<group>";
		};
/* End PBXGroup section */

/* Begin PBXNativeTarget section */
		CE55FC1420DF5CC60039D0DC /* superdev */ = {
			isa = PBXNativeTarget;
			buildConfigurationList = CE55FC3D20DF5CC70039D0DC /* Build configuration list for PBXNativeTarget "superdev" */;
			buildPhases = (
				CE55FC1120DF5CC60039D0DC /* Sources */,
				CE55FC1220DF5CC60039D0DC /* Frameworks */,
				CE55FC1320DF5CC60039D0DC /* Resources */,
			);
			buildRules = (
			);
			dependencies = (
			);
			name = superdev;
			productName = superdev;
			productReference = CE55FC1520DF5CC60039D0DC /* superdev.app */;
			productType = "com.apple.product-type.application";
		};
		CE55FC2820DF5CC70039D0DC /* superdevTests */ = {
			isa = PBXNativeTarget;
			buildConfigurationList = CE55FC4020DF5CC70039D0DC /* Build configuration list for PBXNativeTarget "superdevTests" */;
			buildPhases = (
				CE55FC2520DF5CC70039D0DC /* Sources */,
				CE55FC2620DF5CC70039D0DC /* Frameworks */,
				CE55FC2720DF5CC70039D0DC /* Resources */,
			);
			buildRules = (
			);
			dependencies = (
				CE55FC2B20DF5CC70039D0DC /* PBXTargetDependency */,
			);
			name = superdevTests;
			productName = superdevTests;
			productReference = CE55FC2920DF5CC70039D0DC /* superdevTests.xctest */;
			productType = "com.apple.product-type.bundle.unit-test";
		};
		CE55FC3320DF5CC70039D0DC /* superdevUITests */ = {
			isa = PBXNativeTarget;
			buildConfigurationList = CE55FC4320DF5CC70039D0DC /* Build configuration list for PBXNativeTarget "superdevUITests" */;
			buildPhases = (
				CE55FC3020DF5CC70039D0DC /* Sources */,
				CE55FC3120DF5CC70039D0DC /* Frameworks */,
				CE55FC3220DF5CC70039D0DC /* Resources */,
			);
			buildRules = (
			);
			dependencies = (
				CE55FC3620DF5CC70039D0DC /* PBXTargetDependency */,
			);
			name = superdevUITests;
			productName = superdevUITests;
			productReference = CE55FC3420DF5CC70039D0DC /* superdevUITests.xctest */;
			productType = "com.apple.product-type.bundle.ui-testing";
		};
/* End PBXNativeTarget section */

/* Begin PBXProject section */
		CE55FC0D20DF5CC60039D0DC /* Project object */ = {
			isa = PBXProject;
			attributes = {
				LastSwiftUpdateCheck = 0940;
				LastUpgradeCheck = 0940;
				ORGANIZATIONNAME = user;
				TargetAttributes = {
					CE55FC1420DF5CC60039D0DC = {
						CreatedOnToolsVersion = 9.4;
					};
					CE55FC2820DF5CC70039D0DC = {
						CreatedOnToolsVersion = 9.4;
						TestTargetID = CE55FC1420DF5CC60039D0DC;
					};
					CE55FC3320DF5CC70039D0DC = {
						CreatedOnToolsVersion = 9.4;
						TestTargetID = CE55FC1420DF5CC60039D0DC;
					};
				};
			};
			buildConfigurationList = CE55FC1020DF5CC60039D0DC /* Build configuration list for PBXProject "superdev" */;
			compatibilityVersion = "Xcode 9.3";
			developmentRegion = en;
			hasScannedForEncodings = 0;
			knownRegions = (
				en,
				Base,
			);
			mainGroup = CE55FC0C20DF5CC60039D0DC;
			productRefGroup = CE55FC1620DF5CC60039D0DC /* Products */;
			projectDirPath = "";
			projectRoot = "";
			targets = (
				CE55FC1420DF5CC60039D0DC /* superdev */,
				CE55FC2820DF5CC70039D0DC /* superdevTests */,
				CE55FC3320DF5CC70039D0DC /* superdevUITests */,
			);
		};
/* End PBXProject section */

/* Begin PBXResourcesBuildPhase section */
		CE55FC1320DF5CC60039D0DC /* Resources */ = {
			isa = PBXResourcesBuildPhase;
			buildActionMask = 2147483647;
			files = (
				CE55FC2320DF5CC70039D0DC /* LaunchScreen.storyboard in Resources */,
				CE55FC2020DF5CC70039D0DC /* Assets.xcassets in Resources */,
				CE55FC1E20DF5CC60039D0DC /* Main.storyboard in Resources */,
			);
			runOnlyForDeploymentPostprocessing = 0;
		};
		CE55FC2720DF5CC70039D0DC /* Resources */ = {
			isa = PBXResourcesBuildPhase;
			buildActionMask = 2147483647;
			files = (
			);
			runOnlyForDeploymentPostprocessing = 0;
		};
		CE55FC3220DF5CC70039D0DC /* Resources */ = {
			isa = PBXResourcesBuildPhase;
			buildActionMask = 2147483647;
			files = (
			);
			runOnlyForDeploymentPostprocessing = 0;
		};
/* End PBXResourcesBuildPhase section */

/* Begin PBXSourcesBuildPhase section */
		CE55FC1120DF5CC60039D0DC /* Sources */ = {
			isa = PBXSourcesBuildPhase;
			buildActionMask = 2147483647;
			files = (
				CE55FC1B20DF5CC60039D0DC /* ViewController.swift in Sources */,
				CE55FC1920DF5CC60039D0DC /* AppDelegate.swift in Sources */,
				CE55FC4720DF61550039D0DC /* mainViewController.swift in Sources */,
			);
			runOnlyForDeploymentPostprocessing = 0;
		};
		CE55FC2520DF5CC70039D0DC /* Sources */ = {
			isa = PBXSourcesBuildPhase;
			buildActionMask = 2147483647;
			files = (
				CE55FC2E20DF5CC70039D0DC /* superdevTests.swift in Sources */,
			);
			runOnlyForDeploymentPostprocessing = 0;
		};
		CE55FC3020DF5CC70039D0DC /* Sources */ = {
			isa = PBXSourcesBuildPhase;
			buildActionMask = 2147483647;
			files = (
				CE55FC3920DF5CC70039D0DC /* superdevUITests.swift in Sources */,
			);
			runOnlyForDeploymentPostprocessing = 0;
		};
/* End PBXSourcesBuildPhase section */

/* Begin PBXTargetDependency section */
		CE55FC2B20DF5CC70039D0DC /* PBXTargetDependency */ = {
			isa = PBXTargetDependency;
			target = CE55FC1420DF5CC60039D0DC /* superdev */;
			targetProxy = CE55FC2A20DF5CC70039D0DC /* PBXContainerItemProxy */;
		};
		CE55FC3620DF5CC70039D0DC /* PBXTargetDependency */ = {
			isa = PBXTargetDependency;
			target = CE55FC1420DF5CC60039D0DC /* superdev */;
			targetProxy = CE55FC3520DF5CC70039D0DC /* PBXContainerItemProxy */;
		};
/* End PBXTargetDependency section */

/* Begin PBXVariantGroup section */
		CE55FC1C20DF5CC60039D0DC /* Main.storyboard */ = {
			isa = PBXVariantGroup;
			children = (
				CE55FC1D20DF5CC60039D0DC /* Base */,
			);
			name = Main.storyboard;
			sourceTree = "<group>";
		};
		CE55FC2120DF5CC70039D0DC /* LaunchScreen.storyboard */ = {
			isa = PBXVariantGroup;
			children = (
				CE55FC2220DF5CC70039D0DC /* Base */,
			);
			name = LaunchScreen.storyboard;
			sourceTree = "<group>";
		};
/* End PBXVariantGroup section */

/* Begin XCBuildConfiguration section */
		CE55FC3B20DF5CC70039D0DC /* Debug */ = {
			isa = XCBuildConfiguration;
			buildSettings = {
				ALWAYS_SEARCH_USER_PATHS = NO;
				CLANG_ANALYZER_NONNULL = YES;
				CLANG_ANALYZER_NUMBER_OBJECT_CONVERSION = YES_AGGRESSIVE;
				CLANG_CXX_LANGUAGE_STANDARD = "gnu++14";
				CLANG_CXX_LIBRARY = "libc++";
				CLANG_ENABLE_MODULES = YES;
				CLANG_ENABLE_OBJC_ARC = YES;
				CLANG_ENABLE_OBJC_WEAK = YES;
				CLANG_WARN_BLOCK_CAPTURE_AUTORELEASING = YES;
				CLANG_WARN_BOOL_CONVERSION = YES;
				CLANG_WARN_COMMA = YES;
				CLANG_WARN_CONSTANT_CONVERSION = YES;
				CLANG_WARN_DEPRECATED_OBJC_IMPLEMENTATIONS = YES;
				CLANG_WARN_DIRECT_OBJC_ISA_USAGE = YES_ERROR;
				CLANG_WARN_DOCUMENTATION_COMMENTS = YES;
				CLANG_WARN_EMPTY_BODY = YES;
				CLANG_WARN_ENUM_CONVERSION = YES;
				CLANG_WARN_INFINITE_RECURSION = YES;
				CLANG_WARN_INT_CONVERSION = YES;
				CLANG_WARN_NON_LITERAL_NULL_CONVERSION = YES;
				CLANG_WARN_OBJC_IMPLICIT_RETAIN_SELF = YES;
				CLANG_WARN_OBJC_LITERAL_CONVERSION = YES;
				CLANG_WARN_OBJC_ROOT_CLASS = YES_ERROR;
				CLANG_WARN_RANGE_LOOP_ANALYSIS = YES;
				CLANG_WARN_STRICT_PROTOTYPES = YES;
				CLANG_WARN_SUSPICIOUS_MOVE = YES;
				CLANG_WARN_UNGUARDED_AVAILABILITY = YES_AGGRESSIVE;
				CLANG_WARN_UNREACHABLE_CODE = YES;
				CLANG_WARN__DUPLICATE_METHOD_MATCH = YES;
				CODE_SIGN_IDENTITY = "iPhone Developer";
				COPY_PHASE_STRIP = NO;
				DEBUG_INFORMATION_FORMAT = dwarf;
				ENABLE_STRICT_OBJC_MSGSEND = YES;
				ENABLE_TESTABILITY = YES;
				GCC_C_LANGUAGE_STANDARD = gnu11;
				GCC_DYNAMIC_NO_PIC = NO;
				GCC_NO_COMMON_BLOCKS = YES;
				GCC_OPTIMIZATION_LEVEL = 0;
				GCC_PREPROCESSOR_DEFINITIONS = (
					"DEBUG=1",
					"$(inherited)",
				);
				GCC_WARN_64_TO_32_BIT_CONVERSION = YES;
				GCC_WARN_ABOUT_RETURN_TYPE = YES_ERROR;
				GCC_WARN_UNDECLARED_SELECTOR = YES;
				GCC_WARN_UNINITIALIZED_AUTOS = YES_AGGRESSIVE;
				GCC_WARN_UNUSED_FUNCTION = YES;
				GCC_WARN_UNUSED_VARIABLE = YES;
				IPHONEOS_DEPLOYMENT_TARGET = 11.4;
				MTL_ENABLE_DEBUG_INFO = YES;
				ONLY_ACTIVE_ARCH = YES;
				SDKROOT = iphoneos;
				SWIFT_ACTIVE_COMPILATION_CONDITIONS = DEBUG;
				SWIFT_OPTIMIZATION_LEVEL = "-Onone";
			};
			name = Debug;
		};
		CE55FC3C20DF5CC70039D0DC /* Release */ = {
			isa = XCBuildConfiguration;
			buildSettings = {
				ALWAYS_SEARCH_USER_PATHS = NO;
				CLANG_ANALYZER_NONNULL = YES;
				CLANG_ANALYZER_NUMBER_OBJECT_CONVERSION = YES_AGGRESSIVE;
				CLANG_CXX_LANGUAGE_STANDARD = "gnu++14";
				CLANG_CXX_LIBRARY = "libc++";
				CLANG_ENABLE_MODULES = YES;
				CLANG_ENABLE_OBJC_ARC = YES;
				CLANG_ENABLE_OBJC_WEAK = YES;
				CLANG_WARN_BLOCK_CAPTURE_AUTORELEASING = YES;
				CLANG_WARN_BOOL_CONVERSION = YES;
				CLANG_WARN_COMMA = YES;
				CLANG_WARN_CONSTANT_CONVERSION = YES;
				CLANG_WARN_DEPRECATED_OBJC_IMPLEMENTATIONS = YES;
				CLANG_WARN_DIRECT_OBJC_ISA_USAGE = YES_ERROR;
				CLANG_WARN_DOCUMENTATION_COMMENTS = YES;
				CLANG_WARN_EMPTY_BODY = YES;
				CLANG_WARN_ENUM_CONVERSION = YES;
				CLANG_WARN_INFINITE_RECURSION = YES;
				CLANG_WARN_INT_CONVERSION = YES;
				CLANG_WARN_NON_LITERAL_NULL_CONVERSION = YES;
				CLANG_WARN_OBJC_IMPLICIT_RETAIN_SELF = YES;
				CLANG_WARN_OBJC_LITERAL_CONVERSION = YES;
				CLANG_WARN_OBJC_ROOT_CLASS = YES_ERROR;
				CLANG_WARN_RANGE_LOOP_ANALYSIS = YES;
				CLANG_WARN_STRICT_PROTOTYPES = YES;
				CLANG_WARN_SUSPICIOUS_MOVE = YES;
				CLANG_WARN_UNGUARDED_AVAILABILITY = YES_AGGRESSIVE;
				CLANG_WARN_UNREACHABLE_CODE = YES;
				CLANG_WARN__DUPLICATE_METHOD_MATCH = YES;
				CODE_SIGN_IDENTITY = "iPhone Developer";
				COPY_PHASE_STRIP = NO;
				DEBUG_INFORMATION_FORMAT = "dwarf-with-dsym";
				ENABLE_NS_ASSERTIONS = NO;
				ENABLE_STRICT_OBJC_MSGSEND = YES;
				GCC_C_LANGUAGE_STANDARD = gnu11;
				GCC_NO_COMMON_BLOCKS = YES;
				GCC_WARN_64_TO_32_BIT_CONVERSION = YES;
				GCC_WARN_ABOUT_RETURN_TYPE = YES_ERROR;
				GCC_WARN_UNDECLARED_SELECTOR = YES;
				GCC_WARN_UNINITIALIZED_AUTOS = YES_AGGRESSIVE;
				GCC_WARN_UNUSED_FUNCTION = YES;
				GCC_WARN_UNUSED_VARIABLE = YES;
				IPHONEOS_DEPLOYMENT_TARGET = 11.4;
				MTL_ENABLE_DEBUG_INFO = NO;
				SDKROOT = iphoneos;
				SWIFT_COMPILATION_MODE = wholemodule;
				SWIFT_OPTIMIZATION_LEVEL = "-O";
				VALIDATE_PRODUCT = YES;
			};
			name = Release;
		};
		CE55FC3E20DF5CC70039D0DC /* Debug */ = {
			isa = XCBuildConfiguration;
			buildSettings = {
				ASSETCATALOG_COMPILER_APPICON_NAME = AppIcon;
				CODE_SIGN_STYLE = Automatic;
				INFOPLIST_FILE = superdev/Info.plist;
				LD_RUNPATH_SEARCH_PATHS = (
					"$(inherited)",
					"@executable_path/Frameworks",
				);
				PRODUCT_BUNDLE_IDENTIFIER = user.superdev;
				PRODUCT_NAME = "$(TARGET_NAME)";
				SWIFT_VERSION = 4.0;
				TARGETED_DEVICE_FAMILY = "1,2";
			};
			name = Debug;
		};
		CE55FC3F20DF5CC70039D0DC /* Release */ = {
			isa = XCBuildConfiguration;
			buildSettings = {
				ASSETCATALOG_COMPILER_APPICON_NAME = AppIcon;
				CODE_SIGN_STYLE = Automatic;
				INFOPLIST_FILE = superdev/Info.plist;
				LD_RUNPATH_SEARCH_PATHS = (
					"$(inherited)",
					"@executable_path/Frameworks",
				);
				PRODUCT_BUNDLE_IDENTIFIER = user.superdev;
				PRODUCT_NAME = "$(TARGET_NAME)";
				SWIFT_VERSION = 4.0;
				TARGETED_DEVICE_FAMILY = "1,2";
			};
			name = Release;
		};
		CE55FC4120DF5CC70039D0DC /* Debug */ = {
			isa = XCBuildConfiguration;
			buildSettings = {
				ALWAYS_EMBED_SWIFT_STANDARD_LIBRARIES = YES;
				BUNDLE_LOADER = "$(TEST_HOST)";
				CODE_SIGN_STYLE = Automatic;
				INFOPLIST_FILE = superdevTests/Info.plist;
				LD_RUNPATH_SEARCH_PATHS = (
					"$(inherited)",
					"@executable_path/Frameworks",
					"@loader_path/Frameworks",
				);
				PRODUCT_BUNDLE_IDENTIFIER = user.superdevTests;
				PRODUCT_NAME = "$(TARGET_NAME)";
				SWIFT_VERSION = 4.0;
				TARGETED_DEVICE_FAMILY = "1,2";
				TEST_HOST = "$(BUILT_PRODUCTS_DIR)/superdev.app/superdev";
			};
			name = Debug;
		};
		CE55FC4220DF5CC70039D0DC /* Release */ = {
			isa = XCBuildConfiguration;
			buildSettings = {
				ALWAYS_EMBED_SWIFT_STANDARD_LIBRARIES = YES;
				BUNDLE_LOADER = "$(TEST_HOST)";
				CODE_SIGN_STYLE = Automatic;
				INFOPLIST_FILE = superdevTests/Info.plist;
				LD_RUNPATH_SEARCH_PATHS = (
					"$(inherited)",
					"@executable_path/Frameworks",
					"@loader_path/Frameworks",
				);
				PRODUCT_BUNDLE_IDENTIFIER = user.superdevTests;
				PRODUCT_NAME = "$(TARGET_NAME)";
				SWIFT_VERSION = 4.0;
				TARGETED_DEVICE_FAMILY = "1,2";
				TEST_HOST = "$(BUILT_PRODUCTS_DIR)/superdev.app/superdev";
			};
			name = Release;
		};
		CE55FC4420DF5CC70039D0DC /* Debug */ = {
			isa = XCBuildConfiguration;
			buildSettings = {
				ALWAYS_EMBED_SWIFT_STANDARD_LIBRARIES = YES;
				CODE_SIGN_STYLE = Automatic;
				INFOPLIST_FILE = superdevUITests/Info.plist;
				LD_RUNPATH_SEARCH_PATHS = (
					"$(inherited)",
					"@executable_path/Frameworks",
					"@loader_path/Frameworks",
				);
				PRODUCT_BUNDLE_IDENTIFIER = user.superdevUITests;
				PRODUCT_NAME = "$(TARGET_NAME)";
				SWIFT_VERSION = 4.0;
				TARGETED_DEVICE_FAMILY = "1,2";
				TEST_TARGET_NAME = superdev;
			};
			name = Debug;
		};
		CE55FC4520DF5CC70039D0DC /* Release */ = {
			isa = XCBuildConfiguration;
			buildSettings = {
				ALWAYS_EMBED_SWIFT_STANDARD_LIBRARIES = YES;
				CODE_SIGN_STYLE = Automatic;
				INFOPLIST_FILE = superdevUITests/Info.plist;
				LD_RUNPATH_SEARCH_PATHS = (
					"$(inherited)",
					"@executable_path/Frameworks",
					"@loader_path/Frameworks",
				);
				PRODUCT_BUNDLE_IDENTIFIER = user.superdevUITests;
				PRODUCT_NAME = "$(TARGET_NAME)";
				SWIFT_VERSION = 4.0;
				TARGETED_DEVICE_FAMILY = "1,2";
				TEST_TARGET_NAME = superdev;
			};
			name = Release;
		};
/* End XCBuildConfiguration section */

/* Begin XCConfigurationList section */
		CE55FC1020DF5CC60039D0DC /* Build configuration list for PBXProject "superdev" */ = {
			isa = XCConfigurationList;
			buildConfigurations = (
				CE55FC3B20DF5CC70039D0DC /* Debug */,
				CE55FC3C20DF5CC70039D0DC /* Release */,
			);
			defaultConfigurationIsVisible = 0;
			defaultConfigurationName = Release;
		};
		CE55FC3D20DF5CC70039D0DC /* Build configuration list for PBXNativeTarget "superdev" */ = {
			isa = XCConfigurationList;
			buildConfigurations = (
				CE55FC3E20DF5CC70039D0DC /* Debug */,
				CE55FC3F20DF5CC70039D0DC /* Release */,
			);
			defaultConfigurationIsVisible = 0;
			defaultConfigurationName = Release;
		};
		CE55FC4020DF5CC70039D0DC /* Build configuration list for PBXNativeTarget "superdevTests" */ = {
			isa = XCConfigurationList;
			buildConfigurations = (
				CE55FC4120DF5CC70039D0DC /* Debug */,
				CE55FC4220DF5CC70039D0DC /* Release */,
			);
			defaultConfigurationIsVisible = 0;
			defaultConfigurationName = Release;
		};
		CE55FC4320DF5CC70039D0DC /* Build configuration list for PBXNativeTarget "superdevUITests" */ = {
			isa = XCConfigurationList;
			buildConfigurations = (
				CE55FC4420DF5CC70039D0DC /* Debug */,
				CE55FC4520DF5CC70039D0DC /* Release */,
			);
			defaultConfigurationIsVisible = 0;
			defaultConfigurationName = Release;
		};
/* End XCConfigurationList section */
	};
	rootObject = CE55FC0D20DF5CC60039D0DC /* Project object */;
}
